
Microsoft Visual Studio Solution File, Format Version 12.00
# Visual Studio Version 17
VisualStudioVersion = 17.9.34714.143
MinimumVisualStudioVersion = 10.0.40219.1
Project("{FAE04EC0-301F-11D3-BF4B-00C04F79EFBC}") = "report-api", "report-api\report-api.csproj", "{8930BB78-63E4-4281-B4BF-47EDB484A812}"
EndProject
Global
	GlobalSection(SolutionConfigurationPlatforms) = preSolution
		Debug|Any CPU = Debug|Any CPU
		Release|Any CPU = Release|Any CPU
	EndGlobalSection
	GlobalSection(ProjectConfigurationPlatforms) = postSolution
		{8930BB78-63E4-4281-B4BF-47EDB484A812}.Debug|Any CPU.ActiveCfg = Debug|Any CPU
		{8930BB78-63E4-4281-B4BF-47EDB484A812}.Debug|Any CPU.Build.0 = Debug|Any CPU
		{8930BB78-63E4-4281-B4BF-47EDB484A812}.Release|Any CPU.ActiveCfg = Release|Any CPU
		{8930BB78-63E4-4281-B4BF-47EDB484A812}.Release|Any CPU.Build.0 = Release|Any CPU
	EndGlobalSection
	GlobalSection(SolutionProperties) = preSolution
		HideSolutionNode = FALSE
	EndGlobalSection
	GlobalSection(ExtensibilityGlobals) = postSolution
		SolutionGuid = {D9F473C6-7235-4E25-A1D2-3E90044C16C2}
	EndGlobalSection
EndGlobal
